# IF THERE'S A GIT CONFLICT IN THIS FILE, DON'T SOLVE IT MANUALLY!
# INSTEAD EXECUTE `prisma migrate fix`
# Prisma Migrate lockfile v1
# Read more about conflict resolution here: TODO

20200516150533-init
20200517024050-init
20200521170419-puzzle-initial
20200521174836-reneme-user-puzzes
20200521181941-add-post
20200521190926-rename
20200523145116-puzz-update